
Microsoft Visual Studio Solution File, Format Version 12.00
# Visual Studio 2012
Project("{FAE04EC0-301F-11D3-BF4B-00C04F79EFBC}") = "SmartPDF2XLS", "SmartPDF2XLS\SmartPDF2XLS.csproj", "{FF9D95DF-BF2F-4627-B3A8-D11F66D95E50}"
EndProject
Global
	GlobalSection(SolutionConfigurationPlatforms) = preSolution
		Debug|Any CPU = Debug|Any CPU
		Release|Any CPU = Release|Any CPU
	EndGlobalSection
	GlobalSection(ProjectConfigurationPlatforms) = postSolution
		{FF9D95DF-BF2F-4627-B3A8-D11F66D95E50}.Debug|Any CPU.ActiveCfg = Debug|Any CPU
		{FF9D95DF-BF2F-4627-B3A8-D11F66D95E50}.Debug|Any CPU.Build.0 = Debug|Any CPU
		{FF9D95DF-BF2F-4627-B3A8-D11F66D95E50}.Release|Any CPU.ActiveCfg = Release|Any CPU
		{FF9D95DF-BF2F-4627-B3A8-D11F66D95E50}.Release|Any CPU.Build.0 = Release|Any CPU
	EndGlobalSection
EndGlobal
